# THIS IS AN AUTOGENERATED FILE. DO NOT EDIT THIS FILE DIRECTLY.
# yarn lockfile v1


"@github/auto-check-element@^5.2.0":
  version "5.2.0"
  resolved "https://registry.yarnpkg.com/@github/auto-check-element/-/auto-check-element-5.2.0.tgz#293c2240cb3098e7e6ca10c801e4df76d644f6f9"
  integrity sha512-YODZZUSeoZVJQ04p73MAohrEK37SJlVRDUTaFiPYse9K3z3bNEm+ekq5qYCIyDKGgX7hUhr3WZF35qHxr/zu0Q==
  dependencies:
    "@github/mini-throttle" "^1.0.7"

"@github/auto-complete-element@^3.3.4":
  version "3.3.4"
  resolved "https://registry.yarnpkg.com/@github/auto-complete-element/-/auto-complete-element-3.3.4.tgz#b762f13342b8ea5e03609f75b5a8d417080355eb"
  integrity sha512-b9SBCLIQGfCI3G0pGYE8rBSUDON5iFKUgHXgAtVdgZii0dnLFxNl5tn1R/RaBEFdzBQPDl9vqu41TF/Hs3w8FA==
  dependencies:
    "@github/combobox-nav" "^2.0.2"

"@github/catalyst@^1.6.0":
  version "1.6.0"
  resolved "https://registry.yarnpkg.com/@github/catalyst/-/catalyst-1.6.0.tgz#378734d1d2b6a85af169d7e66c1a2a604bf1e82c"
  integrity sha512-u8A+DameixqpeyHzvnJWTGj+wfiskQOYHzSiJscCWVfMkIT3rxnbHMtGh3lMthaRY21nbUOK71WcsCnCrXhBJQ==

"@github/clipboard-copy-element@^1.1.2":
  version "1.1.2"
  resolved "https://registry.yarnpkg.com/@github/clipboard-copy-element/-/clipboard-copy-element-1.1.2.tgz#7a6e8042749471504d4e7cfcc47097a781db2bdb"
  integrity sha512-L6CMrcA5we0udafvoSuRCE/Ci/3xrLWKYRGup2IlhxF771bQYsQ2EB1of182pI8ZWM4oxgwzu37+igMeoZjN/A==

"@github/combobox-nav@^2.0.2":
  version "2.1.7"
  resolved "https://registry.yarnpkg.com/@github/combobox-nav/-/combobox-nav-2.1.7.tgz#ae7d895291dee847ce6218063d2c286fcfb2235e"
  integrity sha512-Webx0W5iTpkk5Chy9dB/1BEUORQ0qrwui8HaaVBiy75W2VOJg96WTuKj1rXENAJ3XTMhdEF53bn0LYfvP0EKvg==

"@github/details-menu-element@^1.0.12":
  version "1.0.13"
  resolved "https://registry.yarnpkg.com/@github/details-menu-element/-/details-menu-element-1.0.13.tgz#d62263077b16bc7edc386e7b23f0ce41af1301b4"
  integrity sha512-gMkii86w/oUP5dq8yOWZn1sgbgtFj3AYETxxtpsqRggZktgd8te4+npAn4Hm+936c/lxmEzXqfjARL/CzGR4+w==

"@github/image-crop-element@^5.0.0":
  version "5.0.0"
  resolved "https://registry.yarnpkg.com/@github/image-crop-element/-/image-crop-element-5.0.0.tgz#6ae2c31f1e7dc355c41c3140554fb76ca7a71ef7"
  integrity sha512-Vgm2OwWAs1ESoib/t5sjxsAYo6YTOxxAjWDRxswX7qrqoyCejTZ3hshdo4Ep5e+Mz/GVTZC3rdMtg06dk/eT4g==

"@github/mini-throttle@^1.0.7":
  version "1.0.7"
  resolved "https://registry.yarnpkg.com/@github/mini-throttle/-/mini-throttle-1.0.7.tgz#938d6eb45d00d07043a669baabfcafa072833f10"
  integrity sha512-1fzCDXpxI4J59pNmO0r0Y1g+R8Sa2B5ersce8AuFu5STMu7b++9osdedK0zWduYowBIgsPQZihJBN19WrAF64g==

"@github/mini-throttle@^2.1.0":
  version "2.1.0"
  resolved "https://registry.yarnpkg.com/@github/mini-throttle/-/mini-throttle-2.1.0.tgz#583a1d5e383caa21a1c067a649f15f7ab575dccf"
  integrity sha512-iEeR2OdVCPkdIPUszL8gJnKNu4MR8ANh7y0u/LPyaatYezgaWxUZEzhFntloqQq+HE6MZkFy+cl+xzCNuljOdw==

"@github/relative-time-element@^4.0.0":
  version "4.2.1"
  resolved "https://registry.yarnpkg.com/@github/relative-time-element/-/relative-time-element-4.2.1.tgz#d844bc799e92b2fa74226fd2905391edd51efb9e"
  integrity sha512-XwUfSNwcfBjKRHcUmbh87iFUhzAwO5eDQQ+MNpTFNq5JObFTQv0jmmL45vUsYutwuZCBQHLILXkIgSmHVsa4PA==

"@github/tab-container-element@^3.1.2":
  version "3.2.0"
  resolved "https://registry.yarnpkg.com/@github/tab-container-element/-/tab-container-element-3.2.0.tgz#d2d33da09ee3d7f4245a9f77479fe4969b137ae5"
  integrity sha512-to5ZJuywKK3KX53X1ifOcWjvUTQcBGdQ6Qkhm8L97xQ3ovICag1048M3YMpc+QSdr8xWeCBMnLeMnENqotB0Og==

"@oddbird/popover-polyfill@^0.0.8":
  version "0.0.8"
  resolved "https://registry.yarnpkg.com/@oddbird/popover-polyfill/-/popover-polyfill-0.0.8.tgz#9abd07f46306550356113556a9a05302c3785226"
  integrity sha512-d5DhYFRlcF5O/lUL8mB2h2R60XV71qCWKwXGKKQZNhShPb1gpX4HfPCnpjv6BL/cbQSVUQyafAoO55/rATbfpg==

"@primer/behaviors@^1.2.0":
  version "1.3.3"
  resolved "https://registry.yarnpkg.com/@primer/behaviors/-/behaviors-1.3.3.tgz#eddaec0d8d6056c7730ace74250fecd7533017a0"
  integrity sha512-iHMRuu8YWDJIdqCi1krx0cyFNeqszNKTOb0dXFu2wQ5BeIqxqPJLD7rjZ2Vjf/+YaPSbWuIQE1H6TaGMMsDfdA==

"@primer/css@^20.8.3":
  version "20.8.3"
  resolved "https://registry.yarnpkg.com/@primer/css/-/css-20.8.3.tgz#6ec6f224650b50911fd3c3ed09cd456e456b399d"
  integrity sha512-jXF6l3Cjks6PkWTKbSkrg2h/pE+w/HVXZCpDkLcZB3P1d1cAaK8LXeVVBVWSjnKWIMfiNzyHcx1CTUtj5T4Ivg==
  dependencies:
    "@primer/primitives" "^7.11.1"
    "@primer/view-components" "^0.0.120"

"@primer/primitives@^7.11.1":
  version "7.11.1"
  resolved "https://registry.yarnpkg.com/@primer/primitives/-/primitives-7.11.1.tgz#f23a93674f6d04f3cfd3ce182b72dbf11ea86ad5"
  integrity sha512-Sdss4XG96nqBqrTAyg+RuFOj+U5wkICK8n2hafcyT+lpSlZoIwcbmhyFjmDy9f88FkhHe2q0uCpQ8PjKd8ILTQ==

"@primer/view-components@^0.0.120":
  version "0.0.120"
  resolved "https://registry.yarnpkg.com/@primer/view-components/-/view-components-0.0.120.tgz#84ebc8df62934b2a6ba8cbeb6a3d931cd69753de"
  integrity sha512-C90cNtB3Zl8B+nLPkztYYMBNTaGxUWLrVroG3a8dIEcpGdEZOhsOPOfeptpyPMolX7DWag/hfzBXBp0i7TawDg==
  dependencies:
    "@github/auto-check-element" "^5.2.0"
    "@github/auto-complete-element" "^3.3.4"
    "@github/catalyst" "^1.6.0"
    "@github/clipboard-copy-element" "^1.1.2"
    "@github/details-menu-element" "^1.0.12"
    "@github/image-crop-element" "^5.0.0"
    "@github/mini-throttle" "^2.1.0"
    "@github/relative-time-element" "^4.0.0"
    "@github/tab-container-element" "^3.1.2"
    "@primer/behaviors" "^1.2.0"

"@primer/view-components@^0.1.0":
  version "0.1.0"
  resolved "https://registry.yarnpkg.com/@primer/view-components/-/view-components-0.1.0.tgz#6e2ed1e0acad6e7e805da1369ca7ed5ce40588f3"
  integrity sha512-wunGnMDsuEmilPj2A05+kwhOsy49mTmLLq4sgzZ6Do5qh6eIDSvZXIv8HcgjvDk33JcBgEtLgnPu/GTLz910aA==
  dependencies:
    "@github/auto-check-element" "^5.2.0"
    "@github/auto-complete-element" "^3.3.4"
    "@github/catalyst" "^1.6.0"
    "@github/clipboard-copy-element" "^1.1.2"
    "@github/details-menu-element" "^1.0.12"
    "@github/image-crop-element" "^5.0.0"
    "@github/mini-throttle" "^2.1.0"
    "@github/relative-time-element" "^4.0.0"
    "@github/tab-container-element" "^3.1.2"
    "@oddbird/popover-polyfill" "^0.0.8"
    "@primer/behaviors" "^1.2.0"

anymatch@~3.1.2:
  version "3.1.3"
  resolved "https://registry.yarnpkg.com/anymatch/-/anymatch-3.1.3.tgz#790c58b19ba1720a84205b57c618d5ad8524973e"
  integrity sha512-KMReFUr0B4t+D+OBkjR3KYqvocp2XaSzO55UcB6mgQMd3KbcE+mWTyvVV7D/zsdEbNnV6acZUutkiHQXvTr1Rw==
  dependencies:
    normalize-path "^3.0.0"
    picomatch "^2.0.4"

binary-extensions@^2.0.0:
  version "2.2.0"
  resolved "https://registry.yarnpkg.com/binary-extensions/-/binary-extensions-2.2.0.tgz#75f502eeaf9ffde42fc98829645be4ea76bd9e2d"
  integrity sha512-jDctJ/IVQbZoJykoeHbhXpOlNBqGNcwXJKJog42E5HDPUwQTSdjCHdihjj0DlnheQ7blbT6dHOafNAiS8ooQKA==

braces@~3.0.2:
  version "3.0.2"
  resolved "https://registry.yarnpkg.com/braces/-/braces-3.0.2.tgz#3454e1a462ee8d599e236df336cd9ea4f8afe107"
  integrity sha512-b8um+L1RzM3WDSzvhm6gIz1yfTbBt6YTlcEKAvsmqCZZFw46z626lVj9j1yEPW33H5H+lBQpZMP1k8l+78Ha0A==
  dependencies:
    fill-range "^7.0.1"

"chokidar@>=3.0.0 <4.0.0":
  version "3.5.3"
  resolved "https://registry.yarnpkg.com/chokidar/-/chokidar-3.5.3.tgz#1cf37c8707b932bd1af1ae22c0432e2acd1903bd"
  integrity sha512-Dr3sfKRP6oTcjf2JmUmFJfeVMvXBdegxB0iVQ5eb2V10uFJUCAS8OByZdVAyVb8xXNz3GjjTgj9kLWsZTqE6kw==
  dependencies:
    anymatch "~3.1.2"
    braces "~3.0.2"
    glob-parent "~5.1.2"
    is-binary-path "~2.1.0"
    is-glob "~4.0.1"
    normalize-path "~3.0.0"
    readdirp "~3.6.0"
  optionalDependencies:
    fsevents "~2.3.2"

fill-range@^7.0.1:
  version "7.0.1"
  resolved "https://registry.yarnpkg.com/fill-range/-/fill-range-7.0.1.tgz#1919a6a7c75fe38b2c7c77e5198535da9acdda40"
  integrity sha512-qOo9F+dMUmC2Lcb4BbVvnKJxTPjCm+RRpe4gDuGrzkL7mEVl/djYSu2OdQ2Pa302N4oqkSg9ir6jaLWJ2USVpQ==
  dependencies:
    to-regex-range "^5.0.1"

fsevents@~2.3.2:
  version "2.3.2"
  resolved "https://registry.yarnpkg.com/fsevents/-/fsevents-2.3.2.tgz#8a526f78b8fdf4623b709e0b975c52c24c02fd1a"
  integrity sha512-xiqMQR4xAeHTuB9uWm+fFRcIOgKBMiOBP+eXiyT7jsgVCq1bkVygt00oASowB7EdtpOHaaPgKt812P9ab+DDKA==

glob-parent@~5.1.2:
  version "5.1.2"
  resolved "https://registry.yarnpkg.com/glob-parent/-/glob-parent-5.1.2.tgz#869832c58034fe68a4093c17dc15e8340d8401c4"
  integrity sha512-AOIgSQCepiJYwP3ARnGx+5VnTu2HBYdzbGP45eLw1vr3zB3vZLeyed1sC9hnbcOc9/SrMyM5RPQrkGz4aS9Zow==
  dependencies:
    is-glob "^4.0.1"

immutable@^4.0.0:
  version "4.2.4"
  resolved "https://registry.yarnpkg.com/immutable/-/immutable-4.2.4.tgz#83260d50889526b4b531a5e293709a77f7c55a2a"
  integrity sha512-WDxL3Hheb1JkRN3sQkyujNlL/xRjAo3rJtaU5xeufUauG66JdMr32bLj4gF+vWl84DIA3Zxw7tiAjneYzRRw+w==

is-binary-path@~2.1.0:
  version "2.1.0"
  resolved "https://registry.yarnpkg.com/is-binary-path/-/is-binary-path-2.1.0.tgz#ea1f7f3b80f064236e83470f86c09c254fb45b09"
  integrity sha512-ZMERYes6pDydyuGidse7OsHxtbI7WVeUEozgR/g7rd0xUimYNlvZRE/K2MgZTjWy725IfelLeVcEM97mmtRGXw==
  dependencies:
    binary-extensions "^2.0.0"

is-extglob@^2.1.1:
  version "2.1.1"
  resolved "https://registry.yarnpkg.com/is-extglob/-/is-extglob-2.1.1.tgz#a88c02535791f02ed37c76a1b9ea9773c833f8c2"
  integrity sha512-SbKbANkN603Vi4jEZv49LeVJMn4yGwsbzZworEoyEiutsN3nJYdbO36zfhGJ6QEDpOZIFkDtnq5JRxmvl3jsoQ==

is-glob@^4.0.1, is-glob@~4.0.1:
  version "4.0.3"
  resolved "https://registry.yarnpkg.com/is-glob/-/is-glob-4.0.3.tgz#64f61e42cbbb2eec2071a9dac0b28ba1e65d5084"
  integrity sha512-xelSayHH36ZgE7ZWhli7pW34hNbNl8Ojv5KVmkJD4hBdD3th8Tfk9vYasLM+mXWOZhFkgZfxhLSnrwRr4elSSg==
  dependencies:
    is-extglob "^2.1.1"

is-number@^7.0.0:
  version "7.0.0"
  resolved "https://registry.yarnpkg.com/is-number/-/is-number-7.0.0.tgz#7535345b896734d5f80c4d06c50955527a14f12b"
  integrity sha512-41Cifkg6e8TylSpdtTpeLVMqvSBEVzTttHvERD741+pnZ8ANv0004MRL43QKPDlK9cGvNp6NZWZUBlbGXYxxng==

normalize-path@^3.0.0, normalize-path@~3.0.0:
  version "3.0.0"
  resolved "https://registry.yarnpkg.com/normalize-path/-/normalize-path-3.0.0.tgz#0dcd69ff23a1c9b11fd0978316644a0388216a65"
  integrity sha512-6eZs5Ls3WtCisHWp9S2GUy8dqkpGi4BVSz3GaqiE6ezub0512ESztXUwUB6C6IKbQkY2Pnb/mD4WYojCRwcwLA==

picomatch@^2.0.4, picomatch@^2.2.1:
  version "2.3.1"
  resolved "https://registry.yarnpkg.com/picomatch/-/picomatch-2.3.1.tgz#3ba3833733646d9d3e4995946c1365a67fb07a42"
  integrity sha512-JU3teHTNjmE2VCGFzuY8EXzCDVwEqB2a8fsIvwaStHhAWJEeVd1o1QD80CU6+ZdEXXSLbSsuLwJjkCBWqRQUVA==

readdirp@~3.6.0:
  version "3.6.0"
  resolved "https://registry.yarnpkg.com/readdirp/-/readdirp-3.6.0.tgz#74a370bd857116e245b29cc97340cd431a02a6c7"
  integrity sha512-hOS089on8RduqdbhvQ5Z37A0ESjsqz6qnRcffsMU3495FuTdqSm+7bhJ29JvIOsBDEEnan5DPu9t3To9VRlMzA==
  dependencies:
    picomatch "^2.2.1"

sass@^1.58.3:
  version "1.58.3"
  resolved "https://registry.yarnpkg.com/sass/-/sass-1.58.3.tgz#2348cc052061ba4f00243a208b09c40e031f270d"
  integrity sha512-Q7RaEtYf6BflYrQ+buPudKR26/lH+10EmO9bBqbmPh/KeLqv8bjpTNqxe71ocONqXq+jYiCbpPUmQMS+JJPk4A==
  dependencies:
    chokidar ">=3.0.0 <4.0.0"
    immutable "^4.0.0"
    source-map-js ">=0.6.2 <2.0.0"

"source-map-js@>=0.6.2 <2.0.0":
  version "1.0.2"
  resolved "https://registry.yarnpkg.com/source-map-js/-/source-map-js-1.0.2.tgz#adbc361d9c62df380125e7f161f71c826f1e490c"
  integrity sha512-R0XvVJ9WusLiqTCEiGCmICCMplcCkIwwR11mOSD9CR5u+IXYdiseeEuXCVAjS54zqwkLcPNnmU4OeJ6tUrWhDw==

to-regex-range@^5.0.1:
  version "5.0.1"
  resolved "https://registry.yarnpkg.com/to-regex-range/-/to-regex-range-5.0.1.tgz#1648c44aae7c8d988a326018ed72f5b4dd0392e4"
  integrity sha512-65P7iz6X5yEr1cwcgvQxbbIw7Uk3gOy5dIdtZ4rDveLqhrdJP+Li/Hx6tyK0NEb+2GCyneCMJiGqrADCSNk8sQ==
  dependencies:
    is-number "^7.0.0"
